
Microsoft Visual Studio Solution File, Format Version 12.00
# Visual Studio Version 17
VisualStudioVersion = 17.10.35122.118
MinimumVisualStudioVersion = 10.0.40219.1
Project("{8BC9CEB8-8B4A-11D0-8D11-00A0C91BC942}") = "NookLink", "NookLink.vcxproj", "{AED5B56E-827C-4F63-AE61-1F31F2930AE9}"
EndProject
Global
	GlobalSection(SolutionConfigurationPlatforms) = preSolution
		Debug|x64 = Debug|x64
		Debug|x86 = Debug|x86
		Release|x64 = Release|x64
		Release|x86 = Release|x86
	EndGlobalSection
	GlobalSection(ProjectConfigurationPlatforms) = postSolution
		{AED5B56E-827C-4F63-AE61-1F31F2930AE9}.Debug|x64.ActiveCfg = Debug|x64
		{AED5B56E-827C-4F63-AE61-1F31F2930AE9}.Debug|x64.Build.0 = Debug|x64
		{AED5B56E-827C-4F63-AE61-1F31F2930AE9}.Debug|x86.ActiveCfg = Debug|Win32
		{AED5B56E-827C-4F63-AE61-1F31F2930AE9}.Debug|x86.Build.0 = Debug|Win32
		{AED5B56E-827C-4F63-AE61-1F31F2930AE9}.Release|x64.ActiveCfg = Release|x64
		{AED5B56E-827C-4F63-AE61-1F31F2930AE9}.Release|x64.Build.0 = Release|x64
		{AED5B56E-827C-4F63-AE61-1F31F2930AE9}.Release|x86.ActiveCfg = Release|Win32
		{AED5B56E-827C-4F63-AE61-1F31F2930AE9}.Release|x86.Build.0 = Release|Win32
	EndGlobalSection
	GlobalSection(SolutionProperties) = preSolution
		HideSolutionNode = FALSE
	EndGlobalSection
	GlobalSection(ExtensibilityGlobals) = postSolution
		SolutionGuid = {F9DEB8E8-87ED-436C-BA7F-1EB39E8CC047}
	EndGlobalSection
EndGlobal
