<?xml version="1.0" encoding="utf-8"?>
<Project ToolsVersion="4.0" xmlns="http://schemas.microsoft.com/developer/msbuild/2003">
  <ItemGroup>
    <Filter Include="Zdrojové soubory">
      <UniqueIdentifier>{4FC737F1-C7A5-4376-A066-2A32D752A2FF}</UniqueIdentifier>
      <Extensions>cpp;c;cc;cxx;c++;cppm;ixx;def;odl;idl;hpj;bat;asm;asmx</Extensions>
    </Filter>
    <Filter Include="Hlavičkové soubory">
      <UniqueIdentifier>{93995380-89BD-4b04-88EB-625FBE52EBFB}</UniqueIdentifier>
      <Extensions>h;hh;hpp;hxx;h++;hm;inl;inc;ipp;xsd</Extensions>
    </Filter>
    <Filter Include="Soubory zdrojů">
      <UniqueIdentifier>{67DA6AB6-F800-4c08-8B7A-83BB121AAD01}</UniqueIdentifier>
      <Extensions>rc;ico;cur;bmp;dlg;rc2;rct;bin;rgs;gif;jpg;jpeg;jpe;resx;tiff;tif;png;wav;mfcribbon-ms</Extensions>
    </Filter>
  </ItemGroup>
  <ItemGroup>
    <ClCompile Include="src\application.cpp">
      <Filter>Zdrojové soubory</Filter>
    </ClCompile>
    <ClCompile Include="src\book.cpp">
      <Filter>Zdrojové soubory</Filter>
    </ClCompile>
    <ClCompile Include="src\bookManager.cpp">
      <Filter>Zdrojové soubory</Filter>
    </ClCompile>
    <ClCompile Include="src\cameraHandler.cpp">
      <Filter>Zdrojové soubory</Filter>
    </ClCompile>
    <ClCompile Include="src\connectionManager.cpp">
      <Filter>Zdrojové soubory</Filter>
    </ClCompile>
    <ClCompile Include="src\graphLayout.cpp">
      <Filter>Zdrojové soubory</Filter>
    </ClCompile>
    <ClCompile Include="src\graphManager.cpp">
      <Filter>Zdrojové soubory</Filter>
    </ClCompile>
    <ClCompile Include="src\nodeRenderer.cpp">
      <Filter>Zdrojové soubory</Filter>
    </ClCompile>
    <ClCompile Include="src\NookLink.cpp">
      <Filter>Zdrojové soubory</Filter>
    </ClCompile>
    <ClCompile Include="src\textRenderer.cpp">
      <Filter>Zdrojové soubory</Filter>
    </ClCompile>
    <ClCompile Include="src\uiManager.cpp">
      <Filter>Zdrojové soubory</Filter>
    </ClCompile>
    <ClCompile Include="src\UI\button.cpp">
      <Filter>Zdrojové soubory</Filter>
    </ClCompile>
    <ClCompile Include="src\UI\textInput.cpp">
      <Filter>Zdrojové soubory</Filter>
    </ClCompile>
    <ClCompile Include="src\UI\panel.cpp">
      <Filter>Zdrojové soubory</Filter>
    </ClCompile>
    <ClCompile Include="src\UI\textBox.cpp">
      <Filter>Zdrojové soubory</Filter>
    </ClCompile>
    <ClCompile Include="src\UI\checkbox.cpp">
      <Filter>Zdrojové soubory</Filter>
    </ClCompile>
    <ClCompile Include="include\tinyfiledialogs\tinyfiledialogs.c">
      <Filter>Zdrojové soubory</Filter>
    </ClCompile>
  </ItemGroup>
  <ItemGroup>
    <ClInclude Include="src\application.h">
      <Filter>Hlavičkové soubory</Filter>
    </ClInclude>
    <ClInclude Include="src\book.h">
      <Filter>Hlavičkové soubory</Filter>
    </ClInclude>
    <ClInclude Include="src\bookManager.h">
      <Filter>Hlavičkové soubory</Filter>
    </ClInclude>
    <ClInclude Include="src\cameraHandler.h">
      <Filter>Hlavičkové soubory</Filter>
    </ClInclude>
    <ClInclude Include="src\colors.h">
      <Filter>Hlavičkové soubory</Filter>
    </ClInclude>
    <ClInclude Include="src\connectionManager.h">
      <Filter>Hlavičkové soubory</Filter>
    </ClInclude>
    <ClInclude Include="src\graphLayout.h">
      <Filter>Hlavičkové soubory</Filter>
    </ClInclude>
    <ClInclude Include="src\graphManager.h">
      <Filter>Hlavičkové soubory</Filter>
    </ClInclude>
    <ClInclude Include="src\nodeRenderer.h">
      <Filter>Hlavičkové soubory</Filter>
    </ClInclude>
    <ClInclude Include="src\textRenderer.h">
      <Filter>Hlavičkové soubory</Filter>
    </ClInclude>
    <ClInclude Include="src\uiManager.h">
      <Filter>Hlavičkové soubory</Filter>
    </ClInclude>
    <ClInclude Include="src\UI\widget.h">
      <Filter>Hlavičkové soubory</Filter>
    </ClInclude>
    <ClInclude Include="src\UI\button.h">
      <Filter>Hlavičkové soubory</Filter>
    </ClInclude>
    <ClInclude Include="src\UI\textInput.h">
      <Filter>Hlavičkové soubory</Filter>
    </ClInclude>
    <ClInclude Include="src\UI\panel.h">
      <Filter>Hlavičkové soubory</Filter>
    </ClInclude>
    <ClInclude Include="src\UI\textBox.h">
      <Filter>Hlavičkové soubory</Filter>
    </ClInclude>
    <ClInclude Include="src\UI\checkbox.h">
      <Filter>Hlavičkové soubory</Filter>
    </ClInclude>
    <ClInclude Include="include\tinyfiledialogs\tinyfiledialogs.h">
      <Filter>Hlavičkové soubory</Filter>
    </ClInclude>
    <ClInclude Include="include\nlohmann\json.hpp">
      <Filter>Hlavičkové soubory</Filter>
    </ClInclude>
  </ItemGroup>
  <ItemGroup>
    <Text Include="ideas.txt" />
  </ItemGroup>
</Project>